lockfileVersion: '6.0'

settings:
  autoInstallPeers: true
  excludeLinksFromLockfile: false

dependencies:
  naive-ui:
    specifier: ^2.34.3
    version: 2.34.3(vue@3.3.1)
  umi-request:
    specifier: ^1.4.0
    version: 1.4.0
  vue:
    specifier: ^3.2.47
    version: 3.3.1
  vue-router:
    specifier: ^4.1.6
    version: 4.1.6(vue@3.3.1)

devDependencies:
  '@types/node':
    specifier: ^20.1.2
    version: 20.1.2
  '@vitejs/plugin-vue':
    specifier: ^4.2.2
    version: 4.2.2(vite@4.3.5)(vue@3.3.1)
  '@vue/compiler-sfc':
    specifier: ^3.3.1
    version: 3.3.1
  less:
    specifier: ^4.1.3
    version: 4.1.3
  vite:
    specifier: ^4.3.5
    version: 4.3.5(@types/node@20.1.2)(less@4.1.3)
  vite-svg-loader:
    specifier: ^4.0.0
    version: 4.0.0

packages:

  /@babel/helper-string-parser@7.21.5:
    resolution: {integrity: sha512-5pTUx3hAJaZIdW99sJ6ZUUgWq/Y+Hja7TowEnLNMm1VivRgZQL3vpBY3qUACVsvw+yQU6+YgfBVmcbLaZtrA1w==}
    engines: {node: '>=6.9.0'}

  /@babel/helper-validator-identifier@7.19.1:
    resolution: {integrity: sha512-awrNfaMtnHUr653GgGEs++LlAvW6w+DcPrOliSMXWCKo597CwL5Acf/wWdNkf/tfEQE3mjkeD1YOVZOUV/od1w==}
    engines: {node: '>=6.9.0'}

  /@babel/parser@7.21.8:
    resolution: {integrity: sha512-6zavDGdzG3gUqAdWvlLFfk+36RilI+Pwyuuh7HItyeScCWP3k6i8vKclAQ0bM/0y/Kz/xiwvxhMv9MgTJP5gmA==}
    engines: {node: '>=6.0.0'}
    hasBin: true
    dependencies:
      '@babel/types': 7.21.5

  /@babel/runtime@7.21.5:
    resolution: {integrity: sha512-8jI69toZqqcsnqGGqwGS4Qb1VwLOEp4hz+CXPywcvjs60u3B4Pom/U/7rm4W8tMOYEB+E9wgD0mW1l3r8qlI9Q==}
    engines: {node: '>=6.9.0'}
    dependencies:
      regenerator-runtime: 0.13.11
    dev: false

  /@babel/types@7.21.5:
    resolution: {integrity: sha512-m4AfNvVF2mVC/F7fDEdH2El3HzUg9It/XsCxZiOTTA3m3qYfcSVSbTfM6Q9xG+hYDniZssYhlXKKUMD5m8tF4Q==}
    engines: {node: '>=6.9.0'}
    dependencies:
      '@babel/helper-string-parser': 7.21.5
      '@babel/helper-validator-identifier': 7.19.1
      to-fast-properties: 2.0.0

  /@css-render/plugin-bem@0.15.12(css-render@0.15.12):
    resolution: {integrity: sha512-Lq2jSOZn+wYQtsyaFj6QRz2EzAnd3iW5fZeHO1WSXQdVYwvwGX0ZiH3X2JQgtgYLT1yeGtrwrqJdNdMEUD2xTw==}
    peerDependencies:
      css-render: ~0.15.12
    dependencies:
      css-render: 0.15.12
    dev: false

  /@css-render/vue3-ssr@0.15.12(vue@3.3.1):
    resolution: {integrity: sha512-AQLGhhaE0F+rwybRCkKUdzBdTEM/5PZBYy+fSYe1T9z9+yxMuV/k7ZRqa4M69X+EI1W8pa4kc9Iq2VjQkZx4rg==}
    peerDependencies:
      vue: ^3.0.11
    dependencies:
      vue: 3.3.1
    dev: false

  /@emotion/hash@0.8.0:
    resolution: {integrity: sha512-kBJtf7PH6aWwZ6fka3zQ0p6SBYzx4fl1LoZXE2RrnYST9Xljm7WfKJrU4g/Xr3Beg72MLrp1AWNUmuYJTL7Cow==}
    dev: false

  /@esbuild/android-arm64@0.17.18:
    resolution: {integrity: sha512-/iq0aK0eeHgSC3z55ucMAHO05OIqmQehiGay8eP5l/5l+iEr4EIbh4/MI8xD9qRFjqzgkc0JkX0LculNC9mXBw==}
    engines: {node: '>=12'}
    cpu: [arm64]
    os: [android]
    requiresBuild: true
    dev: true
    optional: true

  /@esbuild/android-arm@0.17.18:
    resolution: {integrity: sha512-EmwL+vUBZJ7mhFCs5lA4ZimpUH3WMAoqvOIYhVQwdIgSpHC8ImHdsRyhHAVxpDYUSm0lWvd63z0XH1IlImS2Qw==}
    engines: {node: '>=12'}
    cpu: [arm]
    os: [android]
    requiresBuild: true
    dev: true
    optional: true

  /@esbuild/android-x64@0.17.18:
    resolution: {integrity: sha512-x+0efYNBF3NPW2Xc5bFOSFW7tTXdAcpfEg2nXmxegm4mJuVeS+i109m/7HMiOQ6M12aVGGFlqJX3RhNdYM2lWg==}
    engines: {node: '>=12'}
    cpu: [x64]
    os: [android]
    requiresBuild: true
    dev: true
    optional: true

  /@esbuild/darwin-arm64@0.17.18:
    resolution: {integrity: sha512-6tY+djEAdF48M1ONWnQb1C+6LiXrKjmqjzPNPWXhu/GzOHTHX2nh8Mo2ZAmBFg0kIodHhciEgUBtcYCAIjGbjQ==}
    engines: {node: '>=12'}
    cpu: [arm64]
    os: [darwin]
    requiresBuild: true
    dev: true
    optional: true

  /@esbuild/darwin-x64@0.17.18:
    resolution: {integrity: sha512-Qq84ykvLvya3dO49wVC9FFCNUfSrQJLbxhoQk/TE1r6MjHo3sFF2tlJCwMjhkBVq3/ahUisj7+EpRSz0/+8+9A==}
    engines: {node: '>=12'}
    cpu: [x64]
    os: [darwin]
    requiresBuild: true
    dev: true
    optional: true

  /@esbuild/freebsd-arm64@0.17.18:
    resolution: {integrity: sha512-fw/ZfxfAzuHfaQeMDhbzxp9mc+mHn1Y94VDHFHjGvt2Uxl10mT4CDavHm+/L9KG441t1QdABqkVYwakMUeyLRA==}
    engines: {node: '>=12'}
    cpu: [arm64]
    os: [freebsd]
    requiresBuild: true
    dev: true
    optional: true

  /@esbuild/freebsd-x64@0.17.18:
    resolution: {integrity: sha512-FQFbRtTaEi8ZBi/A6kxOC0V0E9B/97vPdYjY9NdawyLd4Qk5VD5g2pbWN2VR1c0xhzcJm74HWpObPszWC+qTew==}
    engines: {node: '>=12'}
    cpu: [x64]
    os: [freebsd]
    requiresBuild: true
    dev: true
    optional: true

  /@esbuild/linux-arm64@0.17.18:
    resolution: {integrity: sha512-R7pZvQZFOY2sxUG8P6A21eq6q+eBv7JPQYIybHVf1XkQYC+lT7nDBdC7wWKTrbvMXKRaGudp/dzZCwL/863mZQ==}
    engines: {node: '>=12'}
    cpu: [arm64]
    os: [linux]
    requiresBuild: true
    dev: true
    optional: true

  /@esbuild/linux-arm@0.17.18:
    resolution: {integrity: sha512-jW+UCM40LzHcouIaqv3e/oRs0JM76JfhHjCavPxMUti7VAPh8CaGSlS7cmyrdpzSk7A+8f0hiedHqr/LMnfijg==}
    engines: {node: '>=12'}
    cpu: [arm]
    os: [linux]
    requiresBuild: true
    dev: true
    optional: true

  /@esbuild/linux-ia32@0.17.18:
    resolution: {integrity: sha512-ygIMc3I7wxgXIxk6j3V00VlABIjq260i967Cp9BNAk5pOOpIXmd1RFQJQX9Io7KRsthDrQYrtcx7QCof4o3ZoQ==}
    engines: {node: '>=12'}
    cpu: [ia32]
    os: [linux]
    requiresBuild: true
    dev: true
    optional: true

  /@esbuild/linux-loong64@0.17.18:
    resolution: {integrity: sha512-bvPG+MyFs5ZlwYclCG1D744oHk1Pv7j8psF5TfYx7otCVmcJsEXgFEhQkbhNW8otDHL1a2KDINW20cfCgnzgMQ==}
    engines: {node: '>=12'}
    cpu: [loong64]
    os: [linux]
    requiresBuild: true
    dev: true
    optional: true

  /@esbuild/linux-mips64el@0.17.18:
    resolution: {integrity: sha512-oVqckATOAGuiUOa6wr8TXaVPSa+6IwVJrGidmNZS1cZVx0HqkTMkqFGD2HIx9H1RvOwFeWYdaYbdY6B89KUMxA==}
    engines: {node: '>=12'}
    cpu: [mips64el]
    os: [linux]
    requiresBuild: true
    dev: true
    optional: true

  /@esbuild/linux-ppc64@0.17.18:
    resolution: {integrity: sha512-3dLlQO+b/LnQNxgH4l9rqa2/IwRJVN9u/bK63FhOPB4xqiRqlQAU0qDU3JJuf0BmaH0yytTBdoSBHrb2jqc5qQ==}
    engines: {node: '>=12'}
    cpu: [ppc64]
    os: [linux]
    requiresBuild: true
    dev: true
    optional: true

  /@esbuild/linux-riscv64@0.17.18:
    resolution: {integrity: sha512-/x7leOyDPjZV3TcsdfrSI107zItVnsX1q2nho7hbbQoKnmoeUWjs+08rKKt4AUXju7+3aRZSsKrJtaRmsdL1xA==}
    engines: {node: '>=12'}
    cpu: [riscv64]
    os: [linux]
    requiresBuild: true
    dev: true
    optional: true

  /@esbuild/linux-s390x@0.17.18:
    resolution: {integrity: sha512-cX0I8Q9xQkL/6F5zWdYmVf5JSQt+ZfZD2bJudZrWD+4mnUvoZ3TDDXtDX2mUaq6upMFv9FlfIh4Gfun0tbGzuw==}
    engines: {node: '>=12'}
    cpu: [s390x]
    os: [linux]
    requiresBuild: true
    dev: true
    optional: true

  /@esbuild/linux-x64@0.17.18:
    resolution: {integrity: sha512-66RmRsPlYy4jFl0vG80GcNRdirx4nVWAzJmXkevgphP1qf4dsLQCpSKGM3DUQCojwU1hnepI63gNZdrr02wHUA==}
    engines: {node: '>=12'}
    cpu: [x64]
    os: [linux]
    requiresBuild: true
    dev: true
    optional: true

  /@esbuild/netbsd-x64@0.17.18:
    resolution: {integrity: sha512-95IRY7mI2yrkLlTLb1gpDxdC5WLC5mZDi+kA9dmM5XAGxCME0F8i4bYH4jZreaJ6lIZ0B8hTrweqG1fUyW7jbg==}
    engines: {node: '>=12'}
    cpu: [x64]
    os: [netbsd]
    requiresBuild: true
    dev: true
    optional: true

  /@esbuild/openbsd-x64@0.17.18:
    resolution: {integrity: sha512-WevVOgcng+8hSZ4Q3BKL3n1xTv5H6Nb53cBrtzzEjDbbnOmucEVcZeGCsCOi9bAOcDYEeBZbD2SJNBxlfP3qiA==}
    engines: {node: '>=12'}
    cpu: [x64]
    os: [openbsd]
    requiresBuild: true
    dev: true
    optional: true

  /@esbuild/sunos-x64@0.17.18:
    resolution: {integrity: sha512-Rzf4QfQagnwhQXVBS3BYUlxmEbcV7MY+BH5vfDZekU5eYpcffHSyjU8T0xucKVuOcdCsMo+Ur5wmgQJH2GfNrg==}
    engines: {node: '>=12'}
    cpu: [x64]
    os: [sunos]
    requiresBuild: true
    dev: true
    optional: true

  /@esbuild/win32-arm64@0.17.18:
    resolution: {integrity: sha512-Kb3Ko/KKaWhjeAm2YoT/cNZaHaD1Yk/pa3FTsmqo9uFh1D1Rfco7BBLIPdDOozrObj2sahslFuAQGvWbgWldAg==}
    engines: {node: '>=12'}
    cpu: [arm64]
    os: [win32]
    requiresBuild: true
    dev: true
    optional: true

  /@esbuild/win32-ia32@0.17.18:
    resolution: {integrity: sha512-0/xUMIdkVHwkvxfbd5+lfG7mHOf2FRrxNbPiKWg9C4fFrB8H0guClmaM3BFiRUYrznVoyxTIyC/Ou2B7QQSwmw==}
    engines: {node: '>=12'}
    cpu: [ia32]
    os: [win32]
    requiresBuild: true
    dev: true
    optional: true

  /@esbuild/win32-x64@0.17.18:
    resolution: {integrity: sha512-qU25Ma1I3NqTSHJUOKi9sAH1/Mzuvlke0ioMJRthLXKm7JiSKVwFghlGbDLOO2sARECGhja4xYfRAZNPAkooYg==}
    engines: {node: '>=12'}
    cpu: [x64]
    os: [win32]
    requiresBuild: true
    dev: true
    optional: true

  /@jridgewell/sourcemap-codec@1.4.15:
    resolution: {integrity: sha512-eF2rxCRulEKXHTRiDrDy6erMYWqNw4LPdQ8UQA4huuxaQsVeRPFl2oM8oDGxMFhJUWZf9McpLtJasDDZb/Bpeg==}

  /@juggle/resize-observer@3.4.0:
    resolution: {integrity: sha512-dfLbk+PwWvFzSxwk3n5ySL0hfBog779o8h68wK/7/APo/7cgyWp5jcXockbxdk5kFRkbeXWm4Fbi9FrdN381sA==}
    dev: false

  /@trysound/sax@0.2.0:
    resolution: {integrity: sha512-L7z9BgrNEcYyUYtF+HaEfiS5ebkh9jXqbszz7pC0hRBPaatV0XjSD3+eHrpqFemQfgwiFF0QPIarnIihIDn7OA==}
    engines: {node: '>=10.13.0'}
    dev: true

  /@types/katex@0.14.0:
    resolution: {integrity: sha512-+2FW2CcT0K3P+JMR8YG846bmDwplKUTsWgT2ENwdQ1UdVfRk3GQrh6Mi4sTopy30gI8Uau5CEqHTDZ6YvWIUPA==}
    dev: false

  /@types/lodash-es@4.17.7:
    resolution: {integrity: sha512-z0ptr6UI10VlU6l5MYhGwS4mC8DZyYer2mCoyysZtSF7p26zOX8UpbrV0YpNYLGS8K4PUFIyEr62IMFFjveSiQ==}
    dependencies:
      '@types/lodash': 4.14.194
    dev: false

  /@types/lodash@4.14.194:
    resolution: {integrity: sha512-r22s9tAS7imvBt2lyHC9B8AGwWnXaYb1tY09oyLkXDs4vArpYJzw09nj8MLx5VfciBPGIb+ZwG0ssYnEPJxn/g==}
    dev: false

  /@types/node@20.1.2:
    resolution: {integrity: sha512-CTO/wa8x+rZU626cL2BlbCDzydgnFNgc19h4YvizpTO88MFQxab8wqisxaofQJ/9bLGugRdWIuX/TbIs6VVF6g==}
    dev: true

  /@vitejs/plugin-vue@4.2.2(vite@4.3.5)(vue@3.3.1):
    resolution: {integrity: sha512-kNH4wMAqs13UiZe/2If1ioO0Mjz71rr2oALTl2c5ajBIox9Vz/UGW/wGkr7GA3SC6Eb29c1HtzAtxdGfbXAkfQ==}
    engines: {node: ^14.18.0 || >=16.0.0}
    peerDependencies:
      vite: ^4.0.0
      vue: ^3.2.25
    dependencies:
      vite: 4.3.5(@types/node@20.1.2)(less@4.1.3)
      vue: 3.3.1
    dev: true

  /@vue/compiler-core@3.3.1:
    resolution: {integrity: sha512-5le1qYSBgLWg2jdLrbydlhnPJkkzMw46UrRUvTnOKlfg6pThtm9ohhqBhNPHbr0RcM1MCbK5WZe/3Ghz0SZjpQ==}
    dependencies:
      '@babel/parser': 7.21.8
      '@vue/shared': 3.3.1
      estree-walker: 2.0.2
      source-map-js: 1.0.2

  /@vue/compiler-dom@3.3.1:
    resolution: {integrity: sha512-VmgIsoLivCft3+oNc5KM7b9wd0nZxP/g2qilMwi1hJyGA624KWnNKHn4hzBQs4FpzydUVpNy+TWVT8KiRCh3MQ==}
    dependencies:
      '@vue/compiler-core': 3.3.1
      '@vue/shared': 3.3.1

  /@vue/compiler-sfc@3.3.1:
    resolution: {integrity: sha512-G+FPwBbXSLaA4+Ry5/bdD9Oda+sRslQcE9o6JSZaougRiT4OjVL0vtkbQHPrGRTULZV28OcrAjRfSZOSB0OTXQ==}
    dependencies:
      '@babel/parser': 7.21.8
      '@vue/compiler-core': 3.3.1
      '@vue/compiler-dom': 3.3.1
      '@vue/compiler-ssr': 3.3.1
      '@vue/reactivity-transform': 3.3.1
      '@vue/shared': 3.3.1
      estree-walker: 2.0.2
      magic-string: 0.30.0
      postcss: 8.4.23
      source-map-js: 1.0.2

  /@vue/compiler-ssr@3.3.1:
    resolution: {integrity: sha512-QOQWGNCWuSeyKx4KvWSJlnIMGg+/2oCHgkFUYo7aJ+9Uaaz45yRgKQ+FNigy50NYBQIhpXn2e4OSR8GXh4knrQ==}
    dependencies:
      '@vue/compiler-dom': 3.3.1
      '@vue/shared': 3.3.1

  /@vue/devtools-api@6.5.0:
    resolution: {integrity: sha512-o9KfBeaBmCKl10usN4crU53fYtC1r7jJwdGKjPT24t348rHxgfpZ0xL3Xm/gLUYnc0oTp8LAmrxOeLyu6tbk2Q==}
    dev: false

  /@vue/reactivity-transform@3.3.1:
    resolution: {integrity: sha512-MkOrJauAGH4MNdxGW/PmrDegMyOGX0wGIdKUZJRBXOTpotDONg7/TPJe2QeGeBCow/5v9iOqZOWCfvmOWIaDMg==}
    dependencies:
      '@babel/parser': 7.21.8
      '@vue/compiler-core': 3.3.1
      '@vue/shared': 3.3.1
      estree-walker: 2.0.2
      magic-string: 0.30.0

  /@vue/reactivity@3.3.1:
    resolution: {integrity: sha512-zCfmazOtyUdC1NS/EPiSYJ4RqojqmTAviJyBbyVvY8zAv5NhK44Yfw0E1tt+m5vz0ZO1ptI9jDKBr3MWIEkpgw==}
    dependencies:
      '@vue/shared': 3.3.1

  /@vue/runtime-core@3.3.1:
    resolution: {integrity: sha512-Ljb37LYafhQqKIasc0r32Cva8gIh6VeSMjlwO6V03tCjHd18gmjP0F4UD+8/a59sGTysAgA8Rb9lIC2DVxRz2Q==}
    dependencies:
      '@vue/reactivity': 3.3.1
      '@vue/shared': 3.3.1

  /@vue/runtime-dom@3.3.1:
    resolution: {integrity: sha512-NBjYbQPtMklb7lsJsM2Juv5Ygry6mvZP7PdH1GZqrzfLkvlplQT3qCtQMd/sib6yiy8t9m/Y4hVU7X9nzb9Oeg==}
    dependencies:
      '@vue/runtime-core': 3.3.1
      '@vue/shared': 3.3.1
      csstype: 3.1.2

  /@vue/server-renderer@3.3.1(vue@3.3.1):
    resolution: {integrity: sha512-sod8ggOwbkQXw3lBjfzrbdxRS9lw/lNHoMaXghHawNYowf+4WoaLWD5ouz6fPZadUqNKAsqK95p8DYb1vcVfPA==}
    peerDependencies:
      vue: 3.3.1
    dependencies:
      '@vue/compiler-ssr': 3.3.1
      '@vue/shared': 3.3.1
      vue: 3.3.1

  /@vue/shared@3.3.1:
    resolution: {integrity: sha512-ybDBtQ+479HL/bkeIOIAwgpeAEACzztkvulJLbK3JMFuTOv4qDivmV3AIsR8RHYJ+RD9tQxcHWBsX4GqEcYrfw==}

  /async-validator@4.2.5:
    resolution: {integrity: sha512-7HhHjtERjqlNbZtqNqy2rckN/SpOOlmDliet+lP7k+eKZEjPk3DgyeU9lIXLdeLz0uBbbVp+9Qdow9wJWgwwfg==}
    dev: false

  /boolbase@1.0.0:
    resolution: {integrity: sha512-JZOSA7Mo9sNGB8+UjSgzdLtokWAky1zbztM3WRLCbZ70/3cTANmQmOdR7y2g+J0e2WXywy1yS468tY+IruqEww==}
    dev: true

  /call-bind@1.0.2:
    resolution: {integrity: sha512-7O+FbCihrB5WGbFYesctwmTKae6rOiIzmz1icreWJ+0aA7LJfuqhEso2T9ncpcFtzMQtzXf2QGGueWJGTYsqrA==}
    dependencies:
      function-bind: 1.1.1
      get-intrinsic: 1.2.0
    dev: false

  /commander@7.2.0:
    resolution: {integrity: sha512-QrWXB+ZQSVPmIWIhtEO9H+gwHaMGYiF5ChvoJ+K9ZGHG/sVsa6yiesAD1GC/x46sET00Xlwo1u49RVVVzvcSkw==}
    engines: {node: '>= 10'}
    dev: true

  /copy-anything@2.0.6:
    resolution: {integrity: sha512-1j20GZTsvKNkc4BY3NpMOM8tt///wY3FpIzozTOFO2ffuZcV61nojHXVKIy3WM+7ADCy5FVhdZYHYDdgTU0yJw==}
    dependencies:
      is-what: 3.14.1
    dev: true

  /css-render@0.15.12:
    resolution: {integrity: sha512-eWzS66patiGkTTik+ipO9qNGZ+uNuGyTmnz6/+EJIiFg8+3yZRpnMwgFo8YdXhQRsiePzehnusrxVvugNjXzbw==}
    dependencies:
      '@emotion/hash': 0.8.0
      csstype: 3.0.11
    dev: false

  /css-select@5.1.0:
    resolution: {integrity: sha512-nwoRF1rvRRnnCqqY7updORDsuqKzqYJ28+oSMaJMMgOauh3fvwHqMS7EZpIPqK8GL+g9mKxF1vP/ZjSeNjEVHg==}
    dependencies:
      boolbase: 1.0.0
      css-what: 6.1.0
      domhandler: 5.0.3
      domutils: 3.1.0
      nth-check: 2.1.1
    dev: true

  /css-tree@2.2.1:
    resolution: {integrity: sha512-OA0mILzGc1kCOCSJerOeqDxDQ4HOh+G8NbOJFOTgOCzpw7fCBubk0fEyxp8AgOL/jvLgYA/uV0cMbe43ElF1JA==}
    engines: {node: ^10 || ^12.20.0 || ^14.13.0 || >=15.0.0, npm: '>=7.0.0'}
    dependencies:
      mdn-data: 2.0.28
      source-map-js: 1.0.2
    dev: true

  /css-tree@2.3.1:
    resolution: {integrity: sha512-6Fv1DV/TYw//QF5IzQdqsNDjx/wc8TrMBZsqjL9eW01tWb7R7k/mq+/VXfJCl7SoD5emsJop9cOByJZfs8hYIw==}
    engines: {node: ^10 || ^12.20.0 || ^14.13.0 || >=15.0.0}
    dependencies:
      mdn-data: 2.0.30
      source-map-js: 1.0.2
    dev: true

  /css-what@6.1.0:
    resolution: {integrity: sha512-HTUrgRJ7r4dsZKU6GjmpfRK1O76h97Z8MfS1G0FozR+oF2kG6Vfe8JE6zwrkbxigziPHinCJ+gCPjA9EaBDtRw==}
    engines: {node: '>= 6'}
    dev: true

  /csso@5.0.5:
    resolution: {integrity: sha512-0LrrStPOdJj+SPCCrGhzryycLjwcgUSHBtxNA8aIDxf0GLsRh1cKYhB00Gd1lDOS4yGH69+SNn13+TWbVHETFQ==}
    engines: {node: ^10 || ^12.20.0 || ^14.13.0 || >=15.0.0, npm: '>=7.0.0'}
    dependencies:
      css-tree: 2.2.1
    dev: true

  /csstype@3.0.11:
    resolution: {integrity: sha512-sa6P2wJ+CAbgyy4KFssIb/JNMLxFvKF1pCYCSXS8ZMuqZnMsrxqI2E5sPyoTpxoPU/gVZMzr2zjOfg8GIZOMsw==}
    dev: false

  /csstype@3.1.2:
    resolution: {integrity: sha512-I7K1Uu0MBPzaFKg4nI5Q7Vs2t+3gWWW648spaF+Rg7pI9ds18Ugn+lvg4SHczUdKlHI5LWBXyqfS8+DufyBsgQ==}

  /date-fns-tz@1.3.8(date-fns@2.30.0):
    resolution: {integrity: sha512-qwNXUFtMHTTU6CFSFjoJ80W8Fzzp24LntbjFFBgL/faqds4e5mo9mftoRLgr3Vi1trISsg4awSpYVsOQCRnapQ==}
    peerDependencies:
      date-fns: '>=2.0.0'
    dependencies:
      date-fns: 2.30.0
    dev: false

  /date-fns@2.30.0:
    resolution: {integrity: sha512-fnULvOpxnC5/Vg3NCiWelDsLiUc9bRwAPs/+LfTLNvetFCtCTN+yQz15C/fs4AwX1R9K5GLtLfn8QW+dWisaAw==}
    engines: {node: '>=0.11'}
    dependencies:
      '@babel/runtime': 7.21.5
    dev: false

  /debug@3.2.7:
    resolution: {integrity: sha512-CFjzYYAi4ThfiQvizrFQevTTXHtnCqWfe7x1AhgEscTz6ZbLbfoLRLPugTQyBth6f8ZERVUSyWHFD/7Wu4t1XQ==}
    requiresBuild: true
    peerDependencies:
      supports-color: '*'
    peerDependenciesMeta:
      supports-color:
        optional: true
    dependencies:
      ms: 2.1.3
    dev: true
    optional: true

  /dom-serializer@2.0.0:
    resolution: {integrity: sha512-wIkAryiqt/nV5EQKqQpo3SToSOV9J0DnbJqwK7Wv/Trc92zIAYZ4FlMu+JPFW1DfGFt81ZTCGgDEabffXeLyJg==}
    dependencies:
      domelementtype: 2.3.0
      domhandler: 5.0.3
      entities: 4.5.0
    dev: true

  /domelementtype@2.3.0:
    resolution: {integrity: sha512-OLETBj6w0OsagBwdXnPdN0cnMfF9opN69co+7ZrbfPGrdpPVNBUj02spi6B1N7wChLQiPn4CSH/zJvXw56gmHw==}
    dev: true

  /domhandler@5.0.3:
    resolution: {integrity: sha512-cgwlv/1iFQiFnU96XXgROh8xTeetsnJiDsTc7TYCLFd9+/WNkIqPTxiM/8pSd8VIrhXGTf1Ny1q1hquVqDJB5w==}
    engines: {node: '>= 4'}
    dependencies:
      domelementtype: 2.3.0
    dev: true

  /domutils@3.1.0:
    resolution: {integrity: sha512-H78uMmQtI2AhgDJjWeQmHwJJ2bLPD3GMmO7Zja/ZZh84wkm+4ut+IUnUdRa8uCGX88DiVx1j6FRe1XfxEgjEZA==}
    dependencies:
      dom-serializer: 2.0.0
      domelementtype: 2.3.0
      domhandler: 5.0.3
    dev: true

  /encoding@0.1.13:
    resolution: {integrity: sha512-ETBauow1T35Y/WZMkio9jiM0Z5xjHHmJ4XmjZOq1l/dXz3lr2sRn87nJy20RupqSh1F2m3HHPSp8ShIPQJrJ3A==}
    dependencies:
      iconv-lite: 0.6.3
    dev: false

  /entities@4.5.0:
    resolution: {integrity: sha512-V0hjH4dGPh9Ao5p0MoRY6BVqtwCjhz6vI5LT8AJ55H+4g9/4vbHx1I54fS0XuclLhDHArPQCiMjDxjaL8fPxhw==}
    engines: {node: '>=0.12'}
    dev: true

  /errno@0.1.8:
    resolution: {integrity: sha512-dJ6oBr5SQ1VSd9qkk7ByRgb/1SH4JZjCHSW/mr63/QcXO9zLVxvJ6Oy13nio03rxpSnVDDjFor75SjVeZWPW/A==}
    hasBin: true
    requiresBuild: true
    dependencies:
      prr: 1.0.1
    dev: true
    optional: true

  /esbuild@0.17.18:
    resolution: {integrity: sha512-z1lix43jBs6UKjcZVKOw2xx69ffE2aG0PygLL5qJ9OS/gy0Ewd1gW/PUQIOIQGXBHWNywSc0floSKoMFF8aK2w==}
    engines: {node: '>=12'}
    hasBin: true
    requiresBuild: true
    optionalDependencies:
      '@esbuild/android-arm': 0.17.18
      '@esbuild/android-arm64': 0.17.18
      '@esbuild/android-x64': 0.17.18
      '@esbuild/darwin-arm64': 0.17.18
      '@esbuild/darwin-x64': 0.17.18
      '@esbuild/freebsd-arm64': 0.17.18
      '@esbuild/freebsd-x64': 0.17.18
      '@esbuild/linux-arm': 0.17.18
      '@esbuild/linux-arm64': 0.17.18
      '@esbuild/linux-ia32': 0.17.18
      '@esbuild/linux-loong64': 0.17.18
      '@esbuild/linux-mips64el': 0.17.18
      '@esbuild/linux-ppc64': 0.17.18
      '@esbuild/linux-riscv64': 0.17.18
      '@esbuild/linux-s390x': 0.17.18
      '@esbuild/linux-x64': 0.17.18
      '@esbuild/netbsd-x64': 0.17.18
      '@esbuild/openbsd-x64': 0.17.18
      '@esbuild/sunos-x64': 0.17.18
      '@esbuild/win32-arm64': 0.17.18
      '@esbuild/win32-ia32': 0.17.18
      '@esbuild/win32-x64': 0.17.18
    dev: true

  /estree-walker@2.0.2:
    resolution: {integrity: sha512-Rfkk/Mp/DL7JVje3u18FxFujQlTNR2q6QfMSMB7AvCBx91NGj/ba3kCfza0f6dVDbw7YlRf/nDrn7pQrCCyQ/w==}

  /evtd@0.2.4:
    resolution: {integrity: sha512-qaeGN5bx63s/AXgQo8gj6fBkxge+OoLddLniox5qtLAEY5HSnuSlISXVPxnSae1dWblvTh4/HoMIB+mbMsvZzw==}
    dev: false

  /fsevents@2.3.2:
    resolution: {integrity: sha512-xiqMQR4xAeHTuB9uWm+fFRcIOgKBMiOBP+eXiyT7jsgVCq1bkVygt00oASowB7EdtpOHaaPgKt812P9ab+DDKA==}
    engines: {node: ^8.16.0 || ^10.6.0 || >=11.0.0}
    os: [darwin]
    requiresBuild: true
    dev: true
    optional: true

  /function-bind@1.1.1:
    resolution: {integrity: sha512-yIovAzMX49sF8Yl58fSCWJ5svSLuaibPxXQJFLmBObTuCr0Mf1KiPopGM9NiFjiYBCbfaa2Fh6breQ6ANVTI0A==}
    dev: false

  /get-intrinsic@1.2.0:
    resolution: {integrity: sha512-L049y6nFOuom5wGyRc3/gdTLO94dySVKRACj1RmJZBQXlbTMhtNIgkWkUHq+jYmZvKf14EW1EoJnnjbmoHij0Q==}
    dependencies:
      function-bind: 1.1.1
      has: 1.0.3
      has-symbols: 1.0.3
    dev: false

  /graceful-fs@4.2.11:
    resolution: {integrity: sha512-RbJ5/jmFcNNCcDV5o9eTnBLJ/HszWV0P73bc+Ff4nS/rJj+YaS6IGyiOL0VoBYX+l1Wrl3k63h/KrH+nhJ0XvQ==}
    requiresBuild: true
    dev: true
    optional: true

  /has-symbols@1.0.3:
    resolution: {integrity: sha512-l3LCuF6MgDNwTDKkdYGEihYjt5pRPbEg46rtlmnSPlUbgmB8LOIrKJbYYFBSbnPaJexMKtiPO8hmeRjRz2Td+A==}
    engines: {node: '>= 0.4'}
    dev: false

  /has@1.0.3:
    resolution: {integrity: sha512-f2dvO0VU6Oej7RkWJGrehjbzMAjFp5/VKPp5tTpWIV4JHHZK1/BxbFRtf/siA2SWTe09caDmVtYYzWEIbBS4zw==}
    engines: {node: '>= 0.4.0'}
    dependencies:
      function-bind: 1.1.1
    dev: false

  /highlight.js@11.8.0:
    resolution: {integrity: sha512-MedQhoqVdr0U6SSnWPzfiadUcDHfN/Wzq25AkXiQv9oiOO/sG0S7XkvpFIqWBl9Yq1UYyYOOVORs5UW2XlPyzg==}
    engines: {node: '>=12.0.0'}
    dev: false

  /iconv-lite@0.6.3:
    resolution: {integrity: sha512-4fCk79wshMdzMp2rH06qWrJE4iolqLhCUH+OiuIgU++RB0+94NlDL81atO7GX55uUKueo0txHNtvEyI6D7WdMw==}
    engines: {node: '>=0.10.0'}
    dependencies:
      safer-buffer: 2.1.2

  /image-size@0.5.5:
    resolution: {integrity: sha512-6TDAlDPZxUFCv+fuOkIoXT/V/f3Qbq8e37p+YOiYrUv3v9cc3/6x78VdfPgFVaB9dZYeLUfKgHRebpkm/oP2VQ==}
    engines: {node: '>=0.10.0'}
    hasBin: true
    requiresBuild: true
    dev: true
    optional: true

  /is-stream@1.1.0:
    resolution: {integrity: sha512-uQPm8kcs47jx38atAcWTVxyltQYoPT68y9aWYdV6yWXSyW8mzSat0TL6CiWdZeCdF3KrAvpVtnHbTv4RN+rqdQ==}
    engines: {node: '>=0.10.0'}
    dev: false

  /is-what@3.14.1:
    resolution: {integrity: sha512-sNxgpk9793nzSs7bA6JQJGeIuRBQhAaNGG77kzYQgMkrID+lS6SlK07K5LaptscDlSaIgH+GPFzf+d75FVxozA==}
    dev: true

  /isomorphic-fetch@2.2.1:
    resolution: {integrity: sha512-9c4TNAKYXM5PRyVcwUZrF3W09nQ+sO7+jydgs4ZGW9dhsLG2VOlISJABombdQqQRXCwuYG3sYV/puGf5rp0qmA==}
    dependencies:
      node-fetch: 1.7.3
      whatwg-fetch: 3.6.2
    dev: false

  /less@4.1.3:
    resolution: {integrity: sha512-w16Xk/Ta9Hhyei0Gpz9m7VS8F28nieJaL/VyShID7cYvP6IL5oHeL6p4TXSDJqZE/lNv0oJ2pGVjJsRkfwm5FA==}
    engines: {node: '>=6'}
    hasBin: true
    dependencies:
      copy-anything: 2.0.6
      parse-node-version: 1.0.1
      tslib: 2.5.0
    optionalDependencies:
      errno: 0.1.8
      graceful-fs: 4.2.11
      image-size: 0.5.5
      make-dir: 2.1.0
      mime: 1.6.0
      needle: 3.2.0
      source-map: 0.6.1
    transitivePeerDependencies:
      - supports-color
    dev: true

  /lodash-es@4.17.21:
    resolution: {integrity: sha512-mKnC+QJ9pWVzv+C4/U3rRsHapFfHvQFoFB92e52xeyGMcX6/OlIl78je1u8vePzYZSkkogMPJ2yjxxsb89cxyw==}
    dev: false

  /lodash@4.17.21:
    resolution: {integrity: sha512-v2kDEe57lecTulaDIuNTPy3Ry4gLGJ6Z1O3vE1krgXZNrsQ+LFTGHVxVjcXPs17LhbZVGedAJv8XZ1tvj5FvSg==}
    dev: false

  /magic-string@0.30.0:
    resolution: {integrity: sha512-LA+31JYDJLs82r2ScLrlz1GjSgu66ZV518eyWT+S8VhyQn/JL0u9MeBOvQMGYiPk1DBiSN9DDMOcXvigJZaViQ==}
    engines: {node: '>=12'}
    dependencies:
      '@jridgewell/sourcemap-codec': 1.4.15

  /make-dir@2.1.0:
    resolution: {integrity: sha512-LS9X+dc8KLxXCb8dni79fLIIUA5VyZoyjSMCwTluaXA0o27cCK0bhXkpgw+sTXVpPy/lSO57ilRixqk0vDmtRA==}
    engines: {node: '>=6'}
    requiresBuild: true
    dependencies:
      pify: 4.0.1
      semver: 5.7.1
    dev: true
    optional: true

  /mdn-data@2.0.28:
    resolution: {integrity: sha512-aylIc7Z9y4yzHYAJNuESG3hfhC+0Ibp/MAMiaOZgNv4pmEdFyfZhhhny4MNiAfWdBQ1RQ2mfDWmM1x8SvGyp8g==}
    dev: true

  /mdn-data@2.0.30:
    resolution: {integrity: sha512-GaqWWShW4kv/G9IEucWScBx9G1/vsFZZJUO+tD26M8J8z3Kw5RDQjaoZe03YAClgeS/SWPOcb4nkFBTEi5DUEA==}
    dev: true

  /mime@1.6.0:
    resolution: {integrity: sha512-x0Vn8spI+wuJ1O6S7gnbaQg8Pxh4NNHb7KSINmEWKiPE4RKOplvijn+NkmYmmRgP68mc70j2EbeTFRsrswaQeg==}
    engines: {node: '>=4'}
    hasBin: true
    requiresBuild: true
    dev: true
    optional: true

  /ms@2.1.3:
    resolution: {integrity: sha512-6FlzubTLZG3J2a/NVCAleEhjzq5oxgHyaCU9yYXvcLsvoVaHJq/s5xXI6/XXP6tz7R9xAOtHnSO/tXtF3WRTlA==}
    requiresBuild: true
    dev: true
    optional: true

  /naive-ui@2.34.3(vue@3.3.1):
    resolution: {integrity: sha512-fUMr0dzb/iGsOTWgoblPVobY5X5dihQ1eam5dA+H74oyLYAvgX4pL96xQFPBLIYqvyRFBAsN85kHN5pLqdtpxA==}
    peerDependencies:
      vue: ^3.0.0
    dependencies:
      '@css-render/plugin-bem': 0.15.12(css-render@0.15.12)
      '@css-render/vue3-ssr': 0.15.12(vue@3.3.1)
      '@types/katex': 0.14.0
      '@types/lodash': 4.14.194
      '@types/lodash-es': 4.17.7
      async-validator: 4.2.5
      css-render: 0.15.12
      date-fns: 2.30.0
      date-fns-tz: 1.3.8(date-fns@2.30.0)
      evtd: 0.2.4
      highlight.js: 11.8.0
      lodash: 4.17.21
      lodash-es: 4.17.21
      seemly: 0.3.6
      treemate: 0.3.11
      vdirs: 0.1.8(vue@3.3.1)
      vooks: 0.2.12(vue@3.3.1)
      vue: 3.3.1
      vueuc: 0.4.51(vue@3.3.1)
    dev: false

  /nanoid@3.3.6:
    resolution: {integrity: sha512-BGcqMMJuToF7i1rt+2PWSNVnWIkGCU78jBG3RxO/bZlnZPK2Cmi2QaffxGO/2RvWi9sL+FAiRiXMgsyxQ1DIDA==}
    engines: {node: ^10 || ^12 || ^13.7 || ^14 || >=15.0.1}
    hasBin: true

  /needle@3.2.0:
    resolution: {integrity: sha512-oUvzXnyLiVyVGoianLijF9O/RecZUf7TkBfimjGrLM4eQhXyeJwM6GeAWccwfQ9aa4gMCZKqhAOuLaMIcQxajQ==}
    engines: {node: '>= 4.4.x'}
    hasBin: true
    requiresBuild: true
    dependencies:
      debug: 3.2.7
      iconv-lite: 0.6.3
      sax: 1.2.4
    transitivePeerDependencies:
      - supports-color
    dev: true
    optional: true

  /node-fetch@1.7.3:
    resolution: {integrity: sha512-NhZ4CsKx7cYm2vSrBAr2PvFOe6sWDf0UYLRqA6svUYg7+/TSfVAu49jYC4BvQ4Sms9SZgdqGBgroqfDhJdTyKQ==}
    dependencies:
      encoding: 0.1.13
      is-stream: 1.1.0
    dev: false

  /nth-check@2.1.1:
    resolution: {integrity: sha512-lqjrjmaOoAnWfMmBPL+XNnynZh2+swxiX3WUE0s4yEHI6m+AwrK2UZOimIRl3X/4QctVqS8AiZjFqyOGrMXb/w==}
    dependencies:
      boolbase: 1.0.0
    dev: true

  /object-inspect@1.12.3:
    resolution: {integrity: sha512-geUvdk7c+eizMNUDkRpW1wJwgfOiOeHbxBR/hLXK1aT6zmVSO0jsQcs7fj6MGw89jC/cjGfLcNOrtMYtGqm81g==}
    dev: false

  /parse-node-version@1.0.1:
    resolution: {integrity: sha512-3YHlOa/JgH6Mnpr05jP9eDG254US9ek25LyIxZlDItp2iJtwyaXQb57lBYLdT3MowkUFYEV2XXNAYIPlESvJlA==}
    engines: {node: '>= 0.10'}
    dev: true

  /picocolors@1.0.0:
    resolution: {integrity: sha512-1fygroTLlHu66zi26VoTDv8yRgm0Fccecssto+MhsZ0D/DGW2sm8E8AjW7NU5VVTRt5GxbeZ5qBuJr+HyLYkjQ==}

  /pify@4.0.1:
    resolution: {integrity: sha512-uB80kBFb/tfd68bVleG9T5GGsGPjJrLAUpR5PZIrhBnIaRTQRjqdJSsIKkOP6OAIFbj7GOrcudc5pNjZ+geV2g==}
    engines: {node: '>=6'}
    requiresBuild: true
    dev: true
    optional: true

  /postcss@8.4.23:
    resolution: {integrity: sha512-bQ3qMcpF6A/YjR55xtoTr0jGOlnPOKAIMdOWiv0EIT6HVPEaJiJB4NLljSbiHoC2RX7DN5Uvjtpbg1NPdwv1oA==}
    engines: {node: ^10 || ^12 || >=14}
    dependencies:
      nanoid: 3.3.6
      picocolors: 1.0.0
      source-map-js: 1.0.2

  /prr@1.0.1:
    resolution: {integrity: sha512-yPw4Sng1gWghHQWj0B3ZggWUm4qVbPwPFcRG8KyxiU7J2OHFSoEHKS+EZ3fv5l1t9CyCiop6l/ZYeWbrgoQejw==}
    requiresBuild: true
    dev: true
    optional: true

  /qs@6.11.1:
    resolution: {integrity: sha512-0wsrzgTz/kAVIeuxSjnpGC56rzYtr6JT/2BwEvMaPhFIoYa1aGO8LbzuU1R0uUYQkLpWBTOj0l/CLAJB64J6nQ==}
    engines: {node: '>=0.6'}
    dependencies:
      side-channel: 1.0.4
    dev: false

  /regenerator-runtime@0.13.11:
    resolution: {integrity: sha512-kY1AZVr2Ra+t+piVaJ4gxaFaReZVH40AKNo7UCX6W+dEwBo/2oZJzqfuN1qLq1oL45o56cPaTXELwrTh8Fpggg==}
    dev: false

  /rollup@3.21.6:
    resolution: {integrity: sha512-SXIICxvxQxR3D4dp/3LDHZIJPC8a4anKMHd4E3Jiz2/JnY+2bEjqrOokAauc5ShGVNFHlEFjBXAXlaxkJqIqSg==}
    engines: {node: '>=14.18.0', npm: '>=8.0.0'}
    hasBin: true
    optionalDependencies:
      fsevents: 2.3.2
    dev: true

  /safer-buffer@2.1.2:
    resolution: {integrity: sha512-YZo3K82SD7Riyi0E1EQPojLz7kpepnSQI9IyPbHHg1XXXevb5dJI7tpyN2ADxGcQbHG7vcyRHk0cbwqcQriUtg==}
    requiresBuild: true

  /sax@1.2.4:
    resolution: {integrity: sha512-NqVDv9TpANUjFm0N8uM5GxL36UgKi9/atZw+x7YFnQ8ckwFGKrl4xX4yWtrey3UJm5nP1kUbnYgLopqWNSRhWw==}
    requiresBuild: true
    dev: true
    optional: true

  /seemly@0.3.6:
    resolution: {integrity: sha512-lEV5VB8BUKTo/AfktXJcy+JeXns26ylbMkIUco8CYREsQijuz4mrXres2Q+vMLdwkuLxJdIPQ8IlCIxLYm71Yw==}
    dev: false

  /semver@5.7.1:
    resolution: {integrity: sha512-sauaDf/PZdVgrLTNYHRtpXa1iRiKcaebiKQ1BJdpQlWH2lCvexQdX55snPFyK7QzpudqbCI0qXFfOasHdyNDGQ==}
    hasBin: true
    requiresBuild: true
    dev: true
    optional: true

  /side-channel@1.0.4:
    resolution: {integrity: sha512-q5XPytqFEIKHkGdiMIrY10mvLRvnQh42/+GoBlFW3b2LXLE2xxJpZFdm94we0BaoV3RwJyGqg5wS7epxTv0Zvw==}
    dependencies:
      call-bind: 1.0.2
      get-intrinsic: 1.2.0
      object-inspect: 1.12.3
    dev: false

  /source-map-js@1.0.2:
    resolution: {integrity: sha512-R0XvVJ9WusLiqTCEiGCmICCMplcCkIwwR11mOSD9CR5u+IXYdiseeEuXCVAjS54zqwkLcPNnmU4OeJ6tUrWhDw==}
    engines: {node: '>=0.10.0'}

  /source-map@0.6.1:
    resolution: {integrity: sha512-UjgapumWlbMhkBgzT7Ykc5YXUT46F0iKu8SGXq0bcwP5dz/h0Plj6enJqjz1Zbq2l5WaqYnrVbwWOWMyF3F47g==}
    engines: {node: '>=0.10.0'}
    requiresBuild: true
    dev: true
    optional: true

  /svgo@3.0.2:
    resolution: {integrity: sha512-Z706C1U2pb1+JGP48fbazf3KxHrWOsLme6Rv7imFBn5EnuanDW1GPaA/P1/dvObE670JDePC3mnj0k0B7P0jjQ==}
    engines: {node: '>=14.0.0'}
    hasBin: true
    dependencies:
      '@trysound/sax': 0.2.0
      commander: 7.2.0
      css-select: 5.1.0
      css-tree: 2.3.1
      csso: 5.0.5
      picocolors: 1.0.0
    dev: true

  /to-fast-properties@2.0.0:
    resolution: {integrity: sha512-/OaKK0xYrs3DmxRYqL/yDc+FxFUVYhDlXMhRmv3z915w2HF1tnN1omB354j8VUGO/hbRzyD6Y3sA7v7GS/ceog==}
    engines: {node: '>=4'}

  /treemate@0.3.11:
    resolution: {integrity: sha512-M8RGFoKtZ8dF+iwJfAJTOH/SM4KluKOKRJpjCMhI8bG3qB74zrFoArKZ62ll0Fr3mqkMJiQOmWYkdYgDeITYQg==}
    dev: false

  /tslib@2.5.0:
    resolution: {integrity: sha512-336iVw3rtn2BUK7ORdIAHTyxHGRIHVReokCR3XjbckJMK7ms8FysBfhLR8IXnAgy7T0PTPNBWKiH514FOW/WSg==}
    dev: true

  /umi-request@1.4.0:
    resolution: {integrity: sha512-OknwtQZddZHi0Ggi+Vr/olJ7HNMx4AzlywyK0W3NZBT7B0stjeZ9lcztA85dBgdAj3KVk8uPJPZSnGaDjELhrA==}
    dependencies:
      isomorphic-fetch: 2.2.1
      qs: 6.11.1
    dev: false

  /vdirs@0.1.8(vue@3.3.1):
    resolution: {integrity: sha512-H9V1zGRLQZg9b+GdMk8MXDN2Lva0zx72MPahDKc30v+DtwKjfyOSXWRIX4t2mhDubM1H09gPhWeth/BJWPHGUw==}
    peerDependencies:
      vue: ^3.0.11
    dependencies:
      evtd: 0.2.4
      vue: 3.3.1
    dev: false

  /vite-svg-loader@4.0.0:
    resolution: {integrity: sha512-0MMf1yzzSYlV4MGePsLVAOqXsbF5IVxbn4EEzqRnWxTQl8BJg/cfwIzfQNmNQxZp5XXwd4kyRKF1LytuHZTnqA==}
    dependencies:
      '@vue/compiler-sfc': 3.3.1
      svgo: 3.0.2
    dev: true

  /vite@4.3.5(@types/node@20.1.2)(less@4.1.3):
    resolution: {integrity: sha512-0gEnL9wiRFxgz40o/i/eTBwm+NEbpUeTWhzKrZDSdKm6nplj+z4lKz8ANDgildxHm47Vg8EUia0aicKbawUVVA==}
    engines: {node: ^14.18.0 || >=16.0.0}
    hasBin: true
    peerDependencies:
      '@types/node': '>= 14'
      less: '*'
      sass: '*'
      stylus: '*'
      sugarss: '*'
      terser: ^5.4.0
    peerDependenciesMeta:
      '@types/node':
        optional: true
      less:
        optional: true
      sass:
        optional: true
      stylus:
        optional: true
      sugarss:
        optional: true
      terser:
        optional: true
    dependencies:
      '@types/node': 20.1.2
      esbuild: 0.17.18
      less: 4.1.3
      postcss: 8.4.23
      rollup: 3.21.6
    optionalDependencies:
      fsevents: 2.3.2
    dev: true

  /vooks@0.2.12(vue@3.3.1):
    resolution: {integrity: sha512-iox0I3RZzxtKlcgYaStQYKEzWWGAduMmq+jS7OrNdQo1FgGfPMubGL3uGHOU9n97NIvfFDBGnpSvkWyb/NSn/Q==}
    peerDependencies:
      vue: ^3.0.0
    dependencies:
      evtd: 0.2.4
      vue: 3.3.1
    dev: false

  /vue-router@4.1.6(vue@3.3.1):
    resolution: {integrity: sha512-DYWYwsG6xNPmLq/FmZn8Ip+qrhFEzA14EI12MsMgVxvHFDYvlr4NXpVF5hrRH1wVcDP8fGi5F4rxuJSl8/r+EQ==}
    peerDependencies:
      vue: ^3.2.0
    dependencies:
      '@vue/devtools-api': 6.5.0
      vue: 3.3.1
    dev: false

  /vue@3.3.1:
    resolution: {integrity: sha512-3Rwy4I5idbPVSDZu6I+fFh6tdDSZbauImCTqLxE7y0LpHtiDvPeY01OI7RkFPbva1nk4hoO0sv/NzosH2h60sg==}
    dependencies:
      '@vue/compiler-dom': 3.3.1
      '@vue/compiler-sfc': 3.3.1
      '@vue/runtime-dom': 3.3.1
      '@vue/server-renderer': 3.3.1(vue@3.3.1)
      '@vue/shared': 3.3.1

  /vueuc@0.4.51(vue@3.3.1):
    resolution: {integrity: sha512-pLiMChM4f+W8czlIClGvGBYo656lc2Y0/mXFSCydcSmnCR1izlKPGMgiYBGjbY9FDkFG8a2HEVz7t0DNzBWbDw==}
    peerDependencies:
      vue: ^3.0.11
    dependencies:
      '@css-render/vue3-ssr': 0.15.12(vue@3.3.1)
      '@juggle/resize-observer': 3.4.0
      css-render: 0.15.12
      evtd: 0.2.4
      seemly: 0.3.6
      vdirs: 0.1.8(vue@3.3.1)
      vooks: 0.2.12(vue@3.3.1)
      vue: 3.3.1
    dev: false

  /whatwg-fetch@3.6.2:
    resolution: {integrity: sha512-bJlen0FcuU/0EMLrdbJ7zOnW6ITZLrZMIarMUVmdKtsGvZna8vxKYaexICWPfZ8qwf9fzNq+UEIZrnSaApt6RA==}
    dev: false
